<?xml version="1.0" encoding="utf-8"?>
<Project ToolsVersion="16.0" xmlns="http://schemas.microsoft.com/developer/msbuild/2003">
  <ItemGroup>
    <ClCompile Include="C:\Users\justi\OneDrive - McGill University\ECSE 437\Lab 2\ecse437-jobcreator\src\main.c">
      <Filter>Source Files</Filter>
    </ClCompile>
  </ItemGroup>
  <ItemGroup>
    <CustomBuild Include="C:\Users\justi\OneDrive - McGill University\ECSE 437\Lab 2\ecse437-jobcreator\src\CMakeLists.txt" />
  </ItemGroup>
  <ItemGroup>
    <Filter Include="Source Files">
      <UniqueIdentifier>{52A82465-11C5-33A5-A1B1-A50F6F0401E5}</UniqueIdentifier>
    </Filter>
  </ItemGroup>
</Project>
