
Microsoft Visual Studio Solution File, Format Version 12.00
# Visual Studio Version 16
Project("{8BC9CEB8-8B4A-11D0-8D11-00A0C91BC942}") = "ALL_BUILD", "ALL_BUILD.vcxproj", "{B1CB3A5A-4BB7-3B9C-A0C8-39FD11E33C86}"
	ProjectSection(ProjectDependencies) = postProject
		{F5EC18C7-5572-3FAF-9109-AD06C53A0284} = {F5EC18C7-5572-3FAF-9109-AD06C53A0284}
		{7125E783-5E38-3AEE-B967-665B16A8043B} = {7125E783-5E38-3AEE-B967-665B16A8043B}
		{B1110255-66D8-3D9D-8A51-9203A9F0229F} = {B1110255-66D8-3D9D-8A51-9203A9F0229F}
		{87CDE5A7-D36D-33DF-9E16-2E7E53FD0579} = {87CDE5A7-D36D-33DF-9E16-2E7E53FD0579}
	EndProjectSection
EndProject
Project("{8BC9CEB8-8B4A-11D0-8D11-00A0C91BC942}") = "ZERO_CHECK", "ZERO_CHECK.vcxproj", "{F5EC18C7-5572-3FAF-9109-AD06C53A0284}"
	ProjectSection(ProjectDependencies) = postProject
	EndProjectSection
EndProject
Project("{8BC9CEB8-8B4A-11D0-8D11-00A0C91BC942}") = "jobcreator", "jobcreator.vcxproj", "{7125E783-5E38-3AEE-B967-665B16A8043B}"
	ProjectSection(ProjectDependencies) = postProject
		{F5EC18C7-5572-3FAF-9109-AD06C53A0284} = {F5EC18C7-5572-3FAF-9109-AD06C53A0284}
		{B1110255-66D8-3D9D-8A51-9203A9F0229F} = {B1110255-66D8-3D9D-8A51-9203A9F0229F}
		{87CDE5A7-D36D-33DF-9E16-2E7E53FD0579} = {87CDE5A7-D36D-33DF-9E16-2E7E53FD0579}
	EndProjectSection
EndProject
Project("{8BC9CEB8-8B4A-11D0-8D11-00A0C91BC942}") = "jobs", "jobs.vcxproj", "{B1110255-66D8-3D9D-8A51-9203A9F0229F}"
	ProjectSection(ProjectDependencies) = postProject
		{F5EC18C7-5572-3FAF-9109-AD06C53A0284} = {F5EC18C7-5572-3FAF-9109-AD06C53A0284}
	EndProjectSection
EndProject
Project("{8BC9CEB8-8B4A-11D0-8D11-00A0C91BC942}") = "utils", "utils.vcxproj", "{87CDE5A7-D36D-33DF-9E16-2E7E53FD0579}"
	ProjectSection(ProjectDependencies) = postProject
		{F5EC18C7-5572-3FAF-9109-AD06C53A0284} = {F5EC18C7-5572-3FAF-9109-AD06C53A0284}
	EndProjectSection
EndProject
Global
	GlobalSection(SolutionConfigurationPlatforms) = preSolution
		Debug|x64 = Debug|x64
		Release|x64 = Release|x64
		MinSizeRel|x64 = MinSizeRel|x64
		RelWithDebInfo|x64 = RelWithDebInfo|x64
	EndGlobalSection
	GlobalSection(ProjectConfigurationPlatforms) = postSolution
		{B1CB3A5A-4BB7-3B9C-A0C8-39FD11E33C86}.Debug|x64.ActiveCfg = Debug|x64
		{B1CB3A5A-4BB7-3B9C-A0C8-39FD11E33C86}.Release|x64.ActiveCfg = Release|x64
		{B1CB3A5A-4BB7-3B9C-A0C8-39FD11E33C86}.MinSizeRel|x64.ActiveCfg = MinSizeRel|x64
		{B1CB3A5A-4BB7-3B9C-A0C8-39FD11E33C86}.RelWithDebInfo|x64.ActiveCfg = RelWithDebInfo|x64
		{F5EC18C7-5572-3FAF-9109-AD06C53A0284}.Debug|x64.ActiveCfg = Debug|x64
		{F5EC18C7-5572-3FAF-9109-AD06C53A0284}.Debug|x64.Build.0 = Debug|x64
		{F5EC18C7-5572-3FAF-9109-AD06C53A0284}.Release|x64.ActiveCfg = Release|x64
		{F5EC18C7-5572-3FAF-9109-AD06C53A0284}.Release|x64.Build.0 = Release|x64
		{F5EC18C7-5572-3FAF-9109-AD06C53A0284}.MinSizeRel|x64.ActiveCfg = MinSizeRel|x64
		{F5EC18C7-5572-3FAF-9109-AD06C53A0284}.MinSizeRel|x64.Build.0 = MinSizeRel|x64
		{F5EC18C7-5572-3FAF-9109-AD06C53A0284}.RelWithDebInfo|x64.ActiveCfg = RelWithDebInfo|x64
		{F5EC18C7-5572-3FAF-9109-AD06C53A0284}.RelWithDebInfo|x64.Build.0 = RelWithDebInfo|x64
		{7125E783-5E38-3AEE-B967-665B16A8043B}.Debug|x64.ActiveCfg = Debug|x64
		{7125E783-5E38-3AEE-B967-665B16A8043B}.Debug|x64.Build.0 = Debug|x64
		{7125E783-5E38-3AEE-B967-665B16A8043B}.Release|x64.ActiveCfg = Release|x64
		{7125E783-5E38-3AEE-B967-665B16A8043B}.Release|x64.Build.0 = Release|x64
		{7125E783-5E38-3AEE-B967-665B16A8043B}.MinSizeRel|x64.ActiveCfg = MinSizeRel|x64
		{7125E783-5E38-3AEE-B967-665B16A8043B}.MinSizeRel|x64.Build.0 = MinSizeRel|x64
		{7125E783-5E38-3AEE-B967-665B16A8043B}.RelWithDebInfo|x64.ActiveCfg = RelWithDebInfo|x64
		{7125E783-5E38-3AEE-B967-665B16A8043B}.RelWithDebInfo|x64.Build.0 = RelWithDebInfo|x64
		{B1110255-66D8-3D9D-8A51-9203A9F0229F}.Debug|x64.ActiveCfg = Debug|x64
		{B1110255-66D8-3D9D-8A51-9203A9F0229F}.Debug|x64.Build.0 = Debug|x64
		{B1110255-66D8-3D9D-8A51-9203A9F0229F}.Release|x64.ActiveCfg = Release|x64
		{B1110255-66D8-3D9D-8A51-9203A9F0229F}.Release|x64.Build.0 = Release|x64
		{B1110255-66D8-3D9D-8A51-9203A9F0229F}.MinSizeRel|x64.ActiveCfg = MinSizeRel|x64
		{B1110255-66D8-3D9D-8A51-9203A9F0229F}.MinSizeRel|x64.Build.0 = MinSizeRel|x64
		{B1110255-66D8-3D9D-8A51-9203A9F0229F}.RelWithDebInfo|x64.ActiveCfg = RelWithDebInfo|x64
		{B1110255-66D8-3D9D-8A51-9203A9F0229F}.RelWithDebInfo|x64.Build.0 = RelWithDebInfo|x64
		{87CDE5A7-D36D-33DF-9E16-2E7E53FD0579}.Debug|x64.ActiveCfg = Debug|x64
		{87CDE5A7-D36D-33DF-9E16-2E7E53FD0579}.Debug|x64.Build.0 = Debug|x64
		{87CDE5A7-D36D-33DF-9E16-2E7E53FD0579}.Release|x64.ActiveCfg = Release|x64
		{87CDE5A7-D36D-33DF-9E16-2E7E53FD0579}.Release|x64.Build.0 = Release|x64
		{87CDE5A7-D36D-33DF-9E16-2E7E53FD0579}.MinSizeRel|x64.ActiveCfg = MinSizeRel|x64
		{87CDE5A7-D36D-33DF-9E16-2E7E53FD0579}.MinSizeRel|x64.Build.0 = MinSizeRel|x64
		{87CDE5A7-D36D-33DF-9E16-2E7E53FD0579}.RelWithDebInfo|x64.ActiveCfg = RelWithDebInfo|x64
		{87CDE5A7-D36D-33DF-9E16-2E7E53FD0579}.RelWithDebInfo|x64.Build.0 = RelWithDebInfo|x64
	EndGlobalSection
	GlobalSection(ExtensibilityGlobals) = postSolution
		SolutionGuid = {EC8683A5-701A-3A47-AC58-3590F4542C11}
	EndGlobalSection
	GlobalSection(ExtensibilityAddIns) = postSolution
	EndGlobalSection
EndGlobal
