<?xml version="1.0" encoding="utf-8"?>
<Project ToolsVersion="16.0" xmlns="http://schemas.microsoft.com/developer/msbuild/2003">
  <ItemGroup>
    <CustomBuild Include="C:\Users\justi\OneDrive - McGill University\ECSE 437\Lab 2\ecse437-jobcreator\src\asdasd\CMakeFiles\e5f1f8dfae6a253bb8cf472d9cd773ad\generate.stamp.rule">
      <Filter>CMake Rules</Filter>
    </CustomBuild>
  </ItemGroup>
  <ItemGroup>
    <Filter Include="CMake Rules">
      <UniqueIdentifier>{836FEECE-DB80-3727-AA32-C89FBE1508BD}</UniqueIdentifier>
    </Filter>
  </ItemGroup>
</Project>
